{
  "version": 4,
  "terraform_version": "1.8.2",
  "serial": 7,
  "lineage": "1318b5dc-61a8-e15e-6b4e-6efc35a29c11",
  "outputs": {},
  "resources": [
    {
      "mode": "managed",
      "type": "local_file",
      "name": "ansible_inventory",
      "provider": "provider[\"registry.terraform.io/hashicorp/local\"]",
      "instances": [
        {
          "schema_version": 0,
          "attributes": {
            "content": "# Inventário gerado dinamicamente pelo Terraform em: 2025-07-04T00:26:02Z\r\n\r\n[glpi_server]\r\nglpi-app ansible_host=glpi-app\r\n\r\n[database_server]\r\nmariadb-server ansible_host=mariadb-server\r\n\r\n[all:vars]\r\n# Informa ao Ansible para usar o conector Docker em vez de SSH\r\nansible_connection=docker\r\nansible_user=root",
            "content_base64": null,
            "content_base64sha256": "ikvkjDwfDg2TMlkwkWCA7QDhRZvcK/+7mNG13glgi80=",
            "content_base64sha512": "6dntHgwhN0G/EQpsLFLvdh5vm7ig0218kL1vFShCQ0ovVfr9PWzqwcXvSBwTy+jCxAT228VBdCaOqGY32SpH3w==",
            "content_md5": "4e5263fbb3149cda5b2f91a3f2699893",
            "content_sha1": "b0401accc48cd19ded11cfaa15446915294c3b01",
            "content_sha256": "8a4be48c3c1f0e0d93325930916080ed00e1459bdc2bffbb98d1b5de09608bcd",
            "content_sha512": "e9d9ed1e0c213741bf110a6c2c52ef761e6f9bb8a0d36d7c90bd6f152842434a2f55fafd3d6ceac1c5ef481c13cbe8c2c404f6dbc54174268ea86637d92a47df",
            "directory_permission": "0777",
            "file_permission": "0777",
            "filename": "./ansible/dynamic_inventory.ini",
            "id": "b0401accc48cd19ded11cfaa15446915294c3b01",
            "sensitive_content": null,
            "source": null
          },
          "sensitive_attributes": [
            [
              {
                "type": "get_attr",
                "value": "sensitive_content"
              }
            ]
          ],
          "dependencies": [
            "module.baseline.docker_container.glpi",
            "module.baseline.docker_container.mariadb",
            "module.baseline.docker_network.zt_network",
            "module.baseline.docker_volume.glpi_data",
            "module.baseline.docker_volume.mariadb_data"
          ]
        }
      ]
    },
    {
      "module": "module.baseline",
      "mode": "managed",
      "type": "docker_container",
      "name": "glpi",
      "provider": "provider[\"registry.terraform.io/kreuzwerker/docker\"]",
      "instances": [
        {
          "schema_version": 2,
          "attributes": {
            "attach": false,
            "bridge": "",
            "capabilities": [],
            "cgroupns_mode": null,
            "command": [],
            "container_logs": null,
            "container_read_refresh_timeout_milliseconds": 15000,
            "cpu_set": "",
            "cpu_shares": 0,
            "destroy_grace_seconds": null,
            "devices": [],
            "dns": null,
            "dns_opts": null,
            "dns_search": null,
            "domainname": "",
            "entrypoint": [
              "/opt/glpi-start.sh"
            ],
            "env": [
              "DB_HOST=mariadb-server",
              "DB_NAME=glpidb",
              "DB_PASSWORD=glpipassword",
              "DB_USER=glpiuser"
            ],
            "exit_code": null,
            "gpus": null,
            "group_add": null,
            "healthcheck": null,
            "host": [],
            "hostname": "25219deeb628",
            "id": "25219deeb628496423192d9ce4b1da3a005fb6c626146e2d4a4917efc4ef8824",
            "image": "sha256:08472c90fa201fd9628892153817d0909c4e494b2ca7be0d1e7ac11df6b414f9",
            "init": false,
            "ipc_mode": "private",
            "labels": [],
            "log_driver": "json-file",
            "log_opts": null,
            "logs": false,
            "max_retry_count": 0,
            "memory": 0,
            "memory_swap": 0,
            "mounts": [],
            "must_run": true,
            "name": "glpi-app",
            "network_data": [
              {
                "gateway": "172.21.0.1",
                "global_ipv6_address": "",
                "global_ipv6_prefix_length": 0,
                "ip_address": "172.21.0.3",
                "ip_prefix_length": 16,
                "ipv6_gateway": "",
                "mac_address": "02:42:ac:15:00:03",
                "network_name": "zt_lab_net"
              }
            ],
            "network_mode": "bridge",
            "networks_advanced": [
              {
                "aliases": [],
                "ipv4_address": "",
                "ipv6_address": "",
                "name": "zt_lab_net"
              }
            ],
            "pid_mode": "",
            "ports": [],
            "privileged": false,
            "publish_all_ports": false,
            "read_only": false,
            "remove_volumes": true,
            "restart": "always",
            "rm": false,
            "runtime": "runc",
            "security_opts": [],
            "shm_size": 64,
            "start": true,
            "stdin_open": false,
            "stop_signal": "",
            "stop_timeout": 0,
            "storage_opts": null,
            "sysctls": null,
            "tmpfs": null,
            "tty": false,
            "ulimit": [],
            "upload": [],
            "user": "",
            "userns_mode": "",
            "volumes": [
              {
                "container_path": "/var/www/html/glpi",
                "from_container": "",
                "host_path": "",
                "read_only": null,
                "volume_name": "glpi_data_vol"
              }
            ],
            "wait": false,
            "wait_timeout": 60,
            "working_dir": ""
          },
          "sensitive_attributes": [],
          "private": "eyJzY2hlbWFfdmVyc2lvbiI6IjIifQ==",
          "dependencies": [
            "module.baseline.docker_container.mariadb",
            "module.baseline.docker_network.zt_network",
            "module.baseline.docker_volume.glpi_data",
            "module.baseline.docker_volume.mariadb_data"
          ]
        }
      ]
    },
    {
      "module": "module.baseline",
      "mode": "managed",
      "type": "docker_container",
      "name": "mariadb",
      "provider": "provider[\"registry.terraform.io/kreuzwerker/docker\"]",
      "instances": [
        {
          "schema_version": 2,
          "attributes": {
            "attach": false,
            "bridge": "",
            "capabilities": [],
            "cgroupns_mode": null,
            "command": [
              "mysqld"
            ],
            "container_logs": null,
            "container_read_refresh_timeout_milliseconds": 15000,
            "cpu_set": "",
            "cpu_shares": 0,
            "destroy_grace_seconds": null,
            "devices": [],
            "dns": null,
            "dns_opts": null,
            "dns_search": null,
            "domainname": "",
            "entrypoint": [
              "docker-entrypoint.sh"
            ],
            "env": [
              "MYSQL_AUTHENTICATION_PLUGIN=mysql_native_password",
              "MYSQL_DATABASE=glpidb",
              "MYSQL_PASSWORD=glpipassword",
              "MYSQL_ROOT_PASSWORD=supersecretpassword",
              "MYSQL_USER=glpiuser"
            ],
            "exit_code": null,
            "gpus": null,
            "group_add": null,
            "healthcheck": null,
            "host": [],
            "hostname": "1dfcbed4f8c9",
            "id": "1dfcbed4f8c9c4924ab35723cad4359f4e3fc917b602c76e046a1f12f9dfd5c0",
            "image": "sha256:120e26c98995db7a2d55a71121f37bb4b393966ecc643e746ca54024e066232d",
            "init": false,
            "ipc_mode": "private",
            "labels": [],
            "log_driver": "json-file",
            "log_opts": null,
            "logs": false,
            "max_retry_count": 0,
            "memory": 0,
            "memory_swap": 0,
            "mounts": [],
            "must_run": true,
            "name": "mariadb-server",
            "network_data": [
              {
                "gateway": "172.21.0.1",
                "global_ipv6_address": "",
                "global_ipv6_prefix_length": 0,
                "ip_address": "172.21.0.2",
                "ip_prefix_length": 16,
                "ipv6_gateway": "",
                "mac_address": "02:42:ac:15:00:02",
                "network_name": "zt_lab_net"
              }
            ],
            "network_mode": "bridge",
            "networks_advanced": [
              {
                "aliases": [],
                "ipv4_address": "",
                "ipv6_address": "",
                "name": "zt_lab_net"
              }
            ],
            "pid_mode": "",
            "ports": [],
            "privileged": false,
            "publish_all_ports": false,
            "read_only": false,
            "remove_volumes": true,
            "restart": "always",
            "rm": false,
            "runtime": "runc",
            "security_opts": [],
            "shm_size": 64,
            "start": true,
            "stdin_open": false,
            "stop_signal": "",
            "stop_timeout": 0,
            "storage_opts": null,
            "sysctls": null,
            "tmpfs": null,
            "tty": false,
            "ulimit": [],
            "upload": [],
            "user": "",
            "userns_mode": "",
            "volumes": [
              {
                "container_path": "/var/lib/mysql",
                "from_container": "",
                "host_path": "",
                "read_only": null,
                "volume_name": "mariadb_data_vol"
              }
            ],
            "wait": false,
            "wait_timeout": 60,
            "working_dir": ""
          },
          "sensitive_attributes": [],
          "private": "eyJzY2hlbWFfdmVyc2lvbiI6IjIifQ==",
          "dependencies": [
            "module.baseline.docker_network.zt_network",
            "module.baseline.docker_volume.mariadb_data"
          ]
        }
      ]
    },
    {
      "module": "module.baseline",
      "mode": "managed",
      "type": "docker_network",
      "name": "zt_network",
      "provider": "provider[\"registry.terraform.io/kreuzwerker/docker\"]",
      "instances": [
        {
          "schema_version": 1,
          "attributes": {
            "attachable": false,
            "check_duplicate": null,
            "driver": "bridge",
            "id": "78fc57e41901eb586184bdbe8b5cc26405e390892a0076f936a3bd0c34332fdf",
            "ingress": false,
            "internal": false,
            "ipam_config": [
              {
                "aux_address": {},
                "gateway": "172.21.0.1",
                "ip_range": "",
                "subnet": "172.21.0.0/16"
              }
            ],
            "ipam_driver": "default",
            "ipam_options": null,
            "ipv6": false,
            "labels": [],
            "name": "zt_lab_net",
            "options": {},
            "scope": "local"
          },
          "sensitive_attributes": [],
          "private": "eyJzY2hlbWFfdmVyc2lvbiI6IjEifQ=="
        }
      ]
    },
    {
      "module": "module.baseline",
      "mode": "managed",
      "type": "docker_volume",
      "name": "glpi_data",
      "provider": "provider[\"registry.terraform.io/kreuzwerker/docker\"]",
      "instances": [
        {
          "schema_version": 1,
          "attributes": {
            "driver": "local",
            "driver_opts": null,
            "id": "glpi_data_vol",
            "labels": [],
            "mountpoint": "/var/lib/docker/volumes/glpi_data_vol/_data",
            "name": "glpi_data_vol"
          },
          "sensitive_attributes": [],
          "private": "eyJzY2hlbWFfdmVyc2lvbiI6IjEifQ=="
        }
      ]
    },
    {
      "module": "module.baseline",
      "mode": "managed",
      "type": "docker_volume",
      "name": "mariadb_data",
      "provider": "provider[\"registry.terraform.io/kreuzwerker/docker\"]",
      "instances": [
        {
          "schema_version": 1,
          "attributes": {
            "driver": "local",
            "driver_opts": null,
            "id": "mariadb_data_vol",
            "labels": [],
            "mountpoint": "/var/lib/docker/volumes/mariadb_data_vol/_data",
            "name": "mariadb_data_vol"
          },
          "sensitive_attributes": [],
          "private": "eyJzY2hlbWFfdmVyc2lvbiI6IjEifQ=="
        }
      ]
    }
  ],
  "check_results": null
}
